
Microsoft Visual Studio Solution File, Format Version 12.00
# Visual Studio Version 17
VisualStudioVersion = 17.0.31912.275
MinimumVisualStudioVersion = 10.0.40219.1
Project("{9A19103F-16F7-4668-BE54-9A1E7A4F7556}") = "RMuseum", "RMuseum\RMuseum.csproj", "{113EF3DE-E8A9-40EF-9DA0-8DFABB3CDD68}"
EndProject
Project("{9A19103F-16F7-4668-BE54-9A1E7A4F7556}") = "GanjooRazor", "GanjooRazor\GanjooRazor.csproj", "{48F9CDFA-625F-4743-BF21-BD556F6F33E8}"
EndProject
Project("{9A19103F-16F7-4668-BE54-9A1E7A4F7556}") = "TajikGanjoor", "TajikGanjoor\TajikGanjoor.csproj", "{1C51EB06-5190-4646-84C7-5EE712C86F57}"
EndProject
Global
	GlobalSection(SolutionConfigurationPlatforms) = preSolution
		Debug|Any CPU = Debug|Any CPU
		Release|Any CPU = Release|Any CPU
	EndGlobalSection
	GlobalSection(ProjectConfigurationPlatforms) = postSolution
		{113EF3DE-E8A9-40EF-9DA0-8DFABB3CDD68}.Debug|Any CPU.ActiveCfg = Debug|Any CPU
		{113EF3DE-E8A9-40EF-9DA0-8DFABB3CDD68}.Debug|Any CPU.Build.0 = Debug|Any CPU
		{113EF3DE-E8A9-40EF-9DA0-8DFABB3CDD68}.Release|Any CPU.ActiveCfg = Release|Any CPU
		{113EF3DE-E8A9-40EF-9DA0-8DFABB3CDD68}.Release|Any CPU.Build.0 = Release|Any CPU
		{48F9CDFA-625F-4743-BF21-BD556F6F33E8}.Debug|Any CPU.ActiveCfg = Debug|Any CPU
		{48F9CDFA-625F-4743-BF21-BD556F6F33E8}.Debug|Any CPU.Build.0 = Debug|Any CPU
		{48F9CDFA-625F-4743-BF21-BD556F6F33E8}.Release|Any CPU.ActiveCfg = Release|Any CPU
		{48F9CDFA-625F-4743-BF21-BD556F6F33E8}.Release|Any CPU.Build.0 = Release|Any CPU
		{1C51EB06-5190-4646-84C7-5EE712C86F57}.Debug|Any CPU.ActiveCfg = Debug|Any CPU
		{1C51EB06-5190-4646-84C7-5EE712C86F57}.Debug|Any CPU.Build.0 = Debug|Any CPU
		{1C51EB06-5190-4646-84C7-5EE712C86F57}.Release|Any CPU.ActiveCfg = Release|Any CPU
		{1C51EB06-5190-4646-84C7-5EE712C86F57}.Release|Any CPU.Build.0 = Release|Any CPU
	EndGlobalSection
	GlobalSection(SolutionProperties) = preSolution
		HideSolutionNode = FALSE
	EndGlobalSection
	GlobalSection(ExtensibilityGlobals) = postSolution
		SolutionGuid = {CC36BB5B-D678-42F3-9EF2-149A535A8191}
	EndGlobalSection
EndGlobal
